
Microsoft Visual Studio Solution File, Format Version 12.00
# Visual Studio Version 17
VisualStudioVersion = 17.0.31903.59
MinimumVisualStudioVersion = 10.0.40219.1
Project("{2150E333-8FDC-42A3-9474-1A3956D46DE8}") = "src", "src", "{827E0CD3-B72D-47B6-A68D-7590B98EB39B}"
EndProject
Project("{FAE04EC0-301F-11D3-BF4B-00C04F79EFBC}") = "AdminFlow.Budget.Domain", "src\AdminFlow.Budget.Domain\AdminFlow.Budget.Domain.csproj", "{EF9AB099-820B-4B95-B766-35A45DDE2248}"
EndProject
Project("{FAE04EC0-301F-11D3-BF4B-00C04F79EFBC}") = "AdminFlow.Budget.Application", "src\AdminFlow.Budget.Application\AdminFlow.Budget.Application.csproj", "{6BB66CEB-387C-4423-9E1B-C8A78D12F64F}"
EndProject
Project("{FAE04EC0-301F-11D3-BF4B-00C04F79EFBC}") = "AdminFlow.Budget.Infrastructure", "src\AdminFlow.Budget.Infrastructure\AdminFlow.Budget.Infrastructure.csproj", "{6A164C4A-FAED-449D-AB95-89926A013451}"
EndProject
Project("{FAE04EC0-301F-11D3-BF4B-00C04F79EFBC}") = "AdminFlow.Budget.Api", "src\AdminFlow.Budget.Api\AdminFlow.Budget.Api.csproj", "{8BCA1B03-C44F-4626-9DD7-015755FA1558}"
EndProject
Project("{2150E333-8FDC-42A3-9474-1A3956D46DE8}") = "tests", "tests", "{0AB3BF05-4346-4AA6-1389-037BE0695223}"
EndProject
Project("{FAE04EC0-301F-11D3-BF4B-00C04F79EFBC}") = "AdminFlow.Budget.UnitTests", "tests\AdminFlow.Budget.UnitTests\AdminFlow.Budget.UnitTests.csproj", "{F87CEB04-FD97-4919-A49C-A46D7AA1FD4C}"
EndProject
Project("{FAE04EC0-301F-11D3-BF4B-00C04F79EFBC}") = "AdminFlow.Budget.IntegrationTests", "tests\AdminFlow.Budget.IntegrationTests\AdminFlow.Budget.IntegrationTests.csproj", "{7A50808F-D605-4000-AE0D-83F688DDEC25}"
EndProject
Global
	GlobalSection(SolutionConfigurationPlatforms) = preSolution
		Debug|Any CPU = Debug|Any CPU
		Debug|x64 = Debug|x64
		Debug|x86 = Debug|x86
		Release|Any CPU = Release|Any CPU
		Release|x64 = Release|x64
		Release|x86 = Release|x86
	EndGlobalSection
	GlobalSection(ProjectConfigurationPlatforms) = postSolution
		{EF9AB099-820B-4B95-B766-35A45DDE2248}.Debug|Any CPU.ActiveCfg = Debug|Any CPU
		{EF9AB099-820B-4B95-B766-35A45DDE2248}.Debug|Any CPU.Build.0 = Debug|Any CPU
		{EF9AB099-820B-4B95-B766-35A45DDE2248}.Debug|x64.ActiveCfg = Debug|Any CPU
		{EF9AB099-820B-4B95-B766-35A45DDE2248}.Debug|x64.Build.0 = Debug|Any CPU
		{EF9AB099-820B-4B95-B766-35A45DDE2248}.Debug|x86.ActiveCfg = Debug|Any CPU
		{EF9AB099-820B-4B95-B766-35A45DDE2248}.Debug|x86.Build.0 = Debug|Any CPU
		{EF9AB099-820B-4B95-B766-35A45DDE2248}.Release|Any CPU.ActiveCfg = Release|Any CPU
		{EF9AB099-820B-4B95-B766-35A45DDE2248}.Release|Any CPU.Build.0 = Release|Any CPU
		{EF9AB099-820B-4B95-B766-35A45DDE2248}.Release|x64.ActiveCfg = Release|Any CPU
		{EF9AB099-820B-4B95-B766-35A45DDE2248}.Release|x64.Build.0 = Release|Any CPU
		{EF9AB099-820B-4B95-B766-35A45DDE2248}.Release|x86.ActiveCfg = Release|Any CPU
		{EF9AB099-820B-4B95-B766-35A45DDE2248}.Release|x86.Build.0 = Release|Any CPU
		{6BB66CEB-387C-4423-9E1B-C8A78D12F64F}.Debug|Any CPU.ActiveCfg = Debug|Any CPU
		{6BB66CEB-387C-4423-9E1B-C8A78D12F64F}.Debug|Any CPU.Build.0 = Debug|Any CPU
		{6BB66CEB-387C-4423-9E1B-C8A78D12F64F}.Debug|x64.ActiveCfg = Debug|Any CPU
		{6BB66CEB-387C-4423-9E1B-C8A78D12F64F}.Debug|x64.Build.0 = Debug|Any CPU
		{6BB66CEB-387C-4423-9E1B-C8A78D12F64F}.Debug|x86.ActiveCfg = Debug|Any CPU
		{6BB66CEB-387C-4423-9E1B-C8A78D12F64F}.Debug|x86.Build.0 = Debug|Any CPU
		{6BB66CEB-387C-4423-9E1B-C8A78D12F64F}.Release|Any CPU.ActiveCfg = Release|Any CPU
		{6BB66CEB-387C-4423-9E1B-C8A78D12F64F}.Release|Any CPU.Build.0 = Release|Any CPU
		{6BB66CEB-387C-4423-9E1B-C8A78D12F64F}.Release|x64.ActiveCfg = Release|Any CPU
		{6BB66CEB-387C-4423-9E1B-C8A78D12F64F}.Release|x64.Build.0 = Release|Any CPU
		{6BB66CEB-387C-4423-9E1B-C8A78D12F64F}.Release|x86.ActiveCfg = Release|Any CPU
		{6BB66CEB-387C-4423-9E1B-C8A78D12F64F}.Release|x86.Build.0 = Release|Any CPU
		{6A164C4A-FAED-449D-AB95-89926A013451}.Debug|Any CPU.ActiveCfg = Debug|Any CPU
		{6A164C4A-FAED-449D-AB95-89926A013451}.Debug|Any CPU.Build.0 = Debug|Any CPU
		{6A164C4A-FAED-449D-AB95-89926A013451}.Debug|x64.ActiveCfg = Debug|Any CPU
		{6A164C4A-FAED-449D-AB95-89926A013451}.Debug|x64.Build.0 = Debug|Any CPU
		{6A164C4A-FAED-449D-AB95-89926A013451}.Debug|x86.ActiveCfg = Debug|Any CPU
		{6A164C4A-FAED-449D-AB95-89926A013451}.Debug|x86.Build.0 = Debug|Any CPU
		{6A164C4A-FAED-449D-AB95-89926A013451}.Release|Any CPU.ActiveCfg = Release|Any CPU
		{6A164C4A-FAED-449D-AB95-89926A013451}.Release|Any CPU.Build.0 = Release|Any CPU
		{6A164C4A-FAED-449D-AB95-89926A013451}.Release|x64.ActiveCfg = Release|Any CPU
		{6A164C4A-FAED-449D-AB95-89926A013451}.Release|x64.Build.0 = Release|Any CPU
		{6A164C4A-FAED-449D-AB95-89926A013451}.Release|x86.ActiveCfg = Release|Any CPU
		{6A164C4A-FAED-449D-AB95-89926A013451}.Release|x86.Build.0 = Release|Any CPU
		{8BCA1B03-C44F-4626-9DD7-015755FA1558}.Debug|Any CPU.ActiveCfg = Debug|Any CPU
		{8BCA1B03-C44F-4626-9DD7-015755FA1558}.Debug|Any CPU.Build.0 = Debug|Any CPU
		{8BCA1B03-C44F-4626-9DD7-015755FA1558}.Debug|x64.ActiveCfg = Debug|Any CPU
		{8BCA1B03-C44F-4626-9DD7-015755FA1558}.Debug|x64.Build.0 = Debug|Any CPU
		{8BCA1B03-C44F-4626-9DD7-015755FA1558}.Debug|x86.ActiveCfg = Debug|Any CPU
		{8BCA1B03-C44F-4626-9DD7-015755FA1558}.Debug|x86.Build.0 = Debug|Any CPU
		{8BCA1B03-C44F-4626-9DD7-015755FA1558}.Release|Any CPU.ActiveCfg = Release|Any CPU
		{8BCA1B03-C44F-4626-9DD7-015755FA1558}.Release|Any CPU.Build.0 = Release|Any CPU
		{8BCA1B03-C44F-4626-9DD7-015755FA1558}.Release|x64.ActiveCfg = Release|Any CPU
		{8BCA1B03-C44F-4626-9DD7-015755FA1558}.Release|x64.Build.0 = Release|Any CPU
		{8BCA1B03-C44F-4626-9DD7-015755FA1558}.Release|x86.ActiveCfg = Release|Any CPU
		{8BCA1B03-C44F-4626-9DD7-015755FA1558}.Release|x86.Build.0 = Release|Any CPU
		{F87CEB04-FD97-4919-A49C-A46D7AA1FD4C}.Debug|Any CPU.ActiveCfg = Debug|Any CPU
		{F87CEB04-FD97-4919-A49C-A46D7AA1FD4C}.Debug|Any CPU.Build.0 = Debug|Any CPU
		{F87CEB04-FD97-4919-A49C-A46D7AA1FD4C}.Debug|x64.ActiveCfg = Debug|Any CPU
		{F87CEB04-FD97-4919-A49C-A46D7AA1FD4C}.Debug|x64.Build.0 = Debug|Any CPU
		{F87CEB04-FD97-4919-A49C-A46D7AA1FD4C}.Debug|x86.ActiveCfg = Debug|Any CPU
		{F87CEB04-FD97-4919-A49C-A46D7AA1FD4C}.Debug|x86.Build.0 = Debug|Any CPU
		{F87CEB04-FD97-4919-A49C-A46D7AA1FD4C}.Release|Any CPU.ActiveCfg = Release|Any CPU
		{F87CEB04-FD97-4919-A49C-A46D7AA1FD4C}.Release|Any CPU.Build.0 = Release|Any CPU
		{F87CEB04-FD97-4919-A49C-A46D7AA1FD4C}.Release|x64.ActiveCfg = Release|Any CPU
		{F87CEB04-FD97-4919-A49C-A46D7AA1FD4C}.Release|x64.Build.0 = Release|Any CPU
		{F87CEB04-FD97-4919-A49C-A46D7AA1FD4C}.Release|x86.ActiveCfg = Release|Any CPU
		{F87CEB04-FD97-4919-A49C-A46D7AA1FD4C}.Release|x86.Build.0 = Release|Any CPU
		{7A50808F-D605-4000-AE0D-83F688DDEC25}.Debug|Any CPU.ActiveCfg = Debug|Any CPU
		{7A50808F-D605-4000-AE0D-83F688DDEC25}.Debug|Any CPU.Build.0 = Debug|Any CPU
		{7A50808F-D605-4000-AE0D-83F688DDEC25}.Debug|x64.ActiveCfg = Debug|Any CPU
		{7A50808F-D605-4000-AE0D-83F688DDEC25}.Debug|x64.Build.0 = Debug|Any CPU
		{7A50808F-D605-4000-AE0D-83F688DDEC25}.Debug|x86.ActiveCfg = Debug|Any CPU
		{7A50808F-D605-4000-AE0D-83F688DDEC25}.Debug|x86.Build.0 = Debug|Any CPU
		{7A50808F-D605-4000-AE0D-83F688DDEC25}.Release|Any CPU.ActiveCfg = Release|Any CPU
		{7A50808F-D605-4000-AE0D-83F688DDEC25}.Release|Any CPU.Build.0 = Release|Any CPU
		{7A50808F-D605-4000-AE0D-83F688DDEC25}.Release|x64.ActiveCfg = Release|Any CPU
		{7A50808F-D605-4000-AE0D-83F688DDEC25}.Release|x64.Build.0 = Release|Any CPU
		{7A50808F-D605-4000-AE0D-83F688DDEC25}.Release|x86.ActiveCfg = Release|Any CPU
		{7A50808F-D605-4000-AE0D-83F688DDEC25}.Release|x86.Build.0 = Release|Any CPU
	EndGlobalSection
	GlobalSection(SolutionProperties) = preSolution
		HideSolutionNode = FALSE
	EndGlobalSection
	GlobalSection(NestedProjects) = preSolution
		{EF9AB099-820B-4B95-B766-35A45DDE2248} = {827E0CD3-B72D-47B6-A68D-7590B98EB39B}
		{6BB66CEB-387C-4423-9E1B-C8A78D12F64F} = {827E0CD3-B72D-47B6-A68D-7590B98EB39B}
		{6A164C4A-FAED-449D-AB95-89926A013451} = {827E0CD3-B72D-47B6-A68D-7590B98EB39B}
		{8BCA1B03-C44F-4626-9DD7-015755FA1558} = {827E0CD3-B72D-47B6-A68D-7590B98EB39B}
		{F87CEB04-FD97-4919-A49C-A46D7AA1FD4C} = {0AB3BF05-4346-4AA6-1389-037BE0695223}
		{7A50808F-D605-4000-AE0D-83F688DDEC25} = {0AB3BF05-4346-4AA6-1389-037BE0695223}
	EndGlobalSection
EndGlobal
